
Microsoft Visual Studio Solution File, Format Version 12.00
# Visual Studio Version 16
VisualStudioVersion = 16.0.29613.14
MinimumVisualStudioVersion = 10.0.40219.1
Project("{FAE04EC0-301F-11D3-BF4B-00C04F79EFBC}") = "AnoBissexto", "AnoBissexto\AnoBissexto.csproj", "{2D0FF49D-4CA5-410D-9A87-532DA23CDCC0}"
EndProject
Global
	GlobalSection(SolutionConfigurationPlatforms) = preSolution
		Debug|Any CPU = Debug|Any CPU
		Release|Any CPU = Release|Any CPU
	EndGlobalSection
	GlobalSection(ProjectConfigurationPlatforms) = postSolution
		{2D0FF49D-4CA5-410D-9A87-532DA23CDCC0}.Debug|Any CPU.ActiveCfg = Debug|Any CPU
		{2D0FF49D-4CA5-410D-9A87-532DA23CDCC0}.Debug|Any CPU.Build.0 = Debug|Any CPU
		{2D0FF49D-4CA5-410D-9A87-532DA23CDCC0}.Release|Any CPU.ActiveCfg = Release|Any CPU
		{2D0FF49D-4CA5-410D-9A87-532DA23CDCC0}.Release|Any CPU.Build.0 = Release|Any CPU
	EndGlobalSection
	GlobalSection(SolutionProperties) = preSolution
		HideSolutionNode = FALSE
	EndGlobalSection
	GlobalSection(ExtensibilityGlobals) = postSolution
		SolutionGuid = {1475FCF9-5DA5-4F60-A435-59D23B1EEE6A}
	EndGlobalSection
EndGlobal
